
Microsoft Visual Studio Solution File, Format Version 12.00
# Visual Studio Version 17
VisualStudioVersion = 17.8.34330.188
MinimumVisualStudioVersion = 10.0.40219.1
Project("{9A19103F-16F7-4668-BE54-9A1E7A4F7556}") = "Chat_Demo_Server", "WinFormsApp1\Chat_Demo_Server.csproj", "{ADAB9114-97EE-49B0-9CAD-A5D58491BA0B}"
EndProject
Project("{9A19103F-16F7-4668-BE54-9A1E7A4F7556}") = "SocketClient", "SocketClient\SocketClient.csproj", "{C74392A4-F6B7-4713-953F-A8DB0A78C153}"
EndProject
Global
	GlobalSection(SolutionConfigurationPlatforms) = preSolution
		Debug|Any CPU = Debug|Any CPU
		Release|Any CPU = Release|Any CPU
	EndGlobalSection
	GlobalSection(ProjectConfigurationPlatforms) = postSolution
		{ADAB9114-97EE-49B0-9CAD-A5D58491BA0B}.Debug|Any CPU.ActiveCfg = Debug|Any CPU
		{ADAB9114-97EE-49B0-9CAD-A5D58491BA0B}.Debug|Any CPU.Build.0 = Debug|Any CPU
		{ADAB9114-97EE-49B0-9CAD-A5D58491BA0B}.Release|Any CPU.ActiveCfg = Release|Any CPU
		{ADAB9114-97EE-49B0-9CAD-A5D58491BA0B}.Release|Any CPU.Build.0 = Release|Any CPU
		{C74392A4-F6B7-4713-953F-A8DB0A78C153}.Debug|Any CPU.ActiveCfg = Debug|Any CPU
		{C74392A4-F6B7-4713-953F-A8DB0A78C153}.Debug|Any CPU.Build.0 = Debug|Any CPU
		{C74392A4-F6B7-4713-953F-A8DB0A78C153}.Release|Any CPU.ActiveCfg = Release|Any CPU
		{C74392A4-F6B7-4713-953F-A8DB0A78C153}.Release|Any CPU.Build.0 = Release|Any CPU
	EndGlobalSection
	GlobalSection(SolutionProperties) = preSolution
		HideSolutionNode = FALSE
	EndGlobalSection
	GlobalSection(ExtensibilityGlobals) = postSolution
		SolutionGuid = {FC39E3D3-D2BF-4614-A1D0-D6C6E3AE06E0}
	EndGlobalSection
EndGlobal
